
Microsoft Visual Studio Solution File, Format Version 12.00
# Visual Studio Version 17
VisualStudioVersion = 17.3.32901.215
MinimumVisualStudioVersion = 10.0.40219.1
Project("{FAE04EC0-301F-11D3-BF4B-00C04F79EFBC}") = "oneWeb", "oneWeb\oneWeb.csproj", "{79D1C293-4192-4299-BEFA-077DB282A3A0}"
EndProject
Global
	GlobalSection(SolutionConfigurationPlatforms) = preSolution
		Debug|Any CPU = Debug|Any CPU
		Release|Any CPU = Release|Any CPU
	EndGlobalSection
	GlobalSection(ProjectConfigurationPlatforms) = postSolution
		{79D1C293-4192-4299-BEFA-077DB282A3A0}.Debug|Any CPU.ActiveCfg = Debug|Any CPU
		{79D1C293-4192-4299-BEFA-077DB282A3A0}.Debug|Any CPU.Build.0 = Debug|Any CPU
		{79D1C293-4192-4299-BEFA-077DB282A3A0}.Release|Any CPU.ActiveCfg = Release|Any CPU
		{79D1C293-4192-4299-BEFA-077DB282A3A0}.Release|Any CPU.Build.0 = Release|Any CPU
	EndGlobalSection
	GlobalSection(SolutionProperties) = preSolution
		HideSolutionNode = FALSE
	EndGlobalSection
	GlobalSection(ExtensibilityGlobals) = postSolution
		SolutionGuid = {840C358B-6C7D-4DBC-8DDF-2874B52579CA}
	EndGlobalSection
EndGlobal
